
Microsoft Visual Studio Solution File, Format Version 12.00
# Visual Studio Version 16
VisualStudioVersion = 16.0.31402.337
MinimumVisualStudioVersion = 10.0.40219.1
Project("{FAE04EC0-301F-11D3-BF4B-00C04F79EFBC}") = "HW Lesson 2 - Loops", "HW Lesson 2 - Loops\HW Lesson 2 - Loops.csproj", "{C41E9DCF-4E9E-4964-9095-E444C6CB087E}"
EndProject
Global
	GlobalSection(SolutionConfigurationPlatforms) = preSolution
		Debug|Any CPU = Debug|Any CPU
		Release|Any CPU = Release|Any CPU
	EndGlobalSection
	GlobalSection(ProjectConfigurationPlatforms) = postSolution
		{C41E9DCF-4E9E-4964-9095-E444C6CB087E}.Debug|Any CPU.ActiveCfg = Debug|Any CPU
		{C41E9DCF-4E9E-4964-9095-E444C6CB087E}.Debug|Any CPU.Build.0 = Debug|Any CPU
		{C41E9DCF-4E9E-4964-9095-E444C6CB087E}.Release|Any CPU.ActiveCfg = Release|Any CPU
		{C41E9DCF-4E9E-4964-9095-E444C6CB087E}.Release|Any CPU.Build.0 = Release|Any CPU
	EndGlobalSection
	GlobalSection(SolutionProperties) = preSolution
		HideSolutionNode = FALSE
	EndGlobalSection
	GlobalSection(ExtensibilityGlobals) = postSolution
		SolutionGuid = {FF4A9404-91D2-461D-8AB4-3B0C21960888}
	EndGlobalSection
EndGlobal
